
Microsoft Visual Studio Solution File, Format Version 12.00
# Visual Studio Version 17
VisualStudioVersion = 17.12.35728.132 d17.12
MinimumVisualStudioVersion = 10.0.40219.1
Project("{FAE04EC0-301F-11D3-BF4B-00C04F79EFBC}") = "BlazorSamplesNet8", "BlazorSamplesNet8\BlazorSamplesNet8\BlazorSamplesNet8.csproj", "{B9616C41-0CC5-41F8-BC92-4822C738D9BB}"
EndProject
Project("{FAE04EC0-301F-11D3-BF4B-00C04F79EFBC}") = "BlazorSamplesNet8.Client", "BlazorSamplesNet8\BlazorSamplesNet8.Client\BlazorSamplesNet8.Client.csproj", "{A55F30AC-BA31-4E40-A3A5-BBDCB5F1EF4F}"
EndProject
Global
	GlobalSection(SolutionConfigurationPlatforms) = preSolution
		Debug|Any CPU = Debug|Any CPU
		Release|Any CPU = Release|Any CPU
	EndGlobalSection
	GlobalSection(ProjectConfigurationPlatforms) = postSolution
		{B9616C41-0CC5-41F8-BC92-4822C738D9BB}.Debug|Any CPU.ActiveCfg = Debug|Any CPU
		{B9616C41-0CC5-41F8-BC92-4822C738D9BB}.Debug|Any CPU.Build.0 = Debug|Any CPU
		{B9616C41-0CC5-41F8-BC92-4822C738D9BB}.Release|Any CPU.ActiveCfg = Release|Any CPU
		{B9616C41-0CC5-41F8-BC92-4822C738D9BB}.Release|Any CPU.Build.0 = Release|Any CPU
		{A55F30AC-BA31-4E40-A3A5-BBDCB5F1EF4F}.Debug|Any CPU.ActiveCfg = Debug|Any CPU
		{A55F30AC-BA31-4E40-A3A5-BBDCB5F1EF4F}.Debug|Any CPU.Build.0 = Debug|Any CPU
		{A55F30AC-BA31-4E40-A3A5-BBDCB5F1EF4F}.Release|Any CPU.ActiveCfg = Release|Any CPU
		{A55F30AC-BA31-4E40-A3A5-BBDCB5F1EF4F}.Release|Any CPU.Build.0 = Release|Any CPU
	EndGlobalSection
	GlobalSection(SolutionProperties) = preSolution
		HideSolutionNode = FALSE
	EndGlobalSection
EndGlobal
